
Microsoft Visual Studio Solution File, Format Version 12.00
# Visual Studio Version 17
VisualStudioVersion = 17.3.32901.215
MinimumVisualStudioVersion = 10.0.40219.1
Project("{FAE04EC0-301F-11D3-BF4B-00C04F79EFBC}") = "API1", "API1\API1.csproj", "{6340BD3D-728D-451C-BE0C-F88DD3C82A96}"
EndProject
Global
	GlobalSection(SolutionConfigurationPlatforms) = preSolution
		Debug|Any CPU = Debug|Any CPU
		Release|Any CPU = Release|Any CPU
	EndGlobalSection
	GlobalSection(ProjectConfigurationPlatforms) = postSolution
		{6340BD3D-728D-451C-BE0C-F88DD3C82A96}.Debug|Any CPU.ActiveCfg = Debug|Any CPU
		{6340BD3D-728D-451C-BE0C-F88DD3C82A96}.Debug|Any CPU.Build.0 = Debug|Any CPU
		{6340BD3D-728D-451C-BE0C-F88DD3C82A96}.Release|Any CPU.ActiveCfg = Release|Any CPU
		{6340BD3D-728D-451C-BE0C-F88DD3C82A96}.Release|Any CPU.Build.0 = Release|Any CPU
	EndGlobalSection
	GlobalSection(SolutionProperties) = preSolution
		HideSolutionNode = FALSE
	EndGlobalSection
	GlobalSection(ExtensibilityGlobals) = postSolution
		SolutionGuid = {09A44FA7-687B-4E9C-BFD3-AB34E376F355}
	EndGlobalSection
EndGlobal
